
Microsoft Visual Studio Solution File, Format Version 12.00
# Visual Studio Version 17
VisualStudioVersion = 17.11.35303.130
MinimumVisualStudioVersion = 10.0.40219.1
Project("{FAE04EC0-301F-11D3-BF4B-00C04F79EFBC}") = "Homework4", "Homework4.csproj", "{76B29DAA-7A8D-45CB-9CEF-FB70B926423B}"
EndProject
Global
	GlobalSection(SolutionConfigurationPlatforms) = preSolution
		Debug|Any CPU = Debug|Any CPU
		Release|Any CPU = Release|Any CPU
	EndGlobalSection
	GlobalSection(ProjectConfigurationPlatforms) = postSolution
		{76B29DAA-7A8D-45CB-9CEF-FB70B926423B}.Debug|Any CPU.ActiveCfg = Debug|Any CPU
		{76B29DAA-7A8D-45CB-9CEF-FB70B926423B}.Debug|Any CPU.Build.0 = Debug|Any CPU
		{76B29DAA-7A8D-45CB-9CEF-FB70B926423B}.Release|Any CPU.ActiveCfg = Release|Any CPU
		{76B29DAA-7A8D-45CB-9CEF-FB70B926423B}.Release|Any CPU.Build.0 = Release|Any CPU
	EndGlobalSection
	GlobalSection(SolutionProperties) = preSolution
		HideSolutionNode = FALSE
	EndGlobalSection
	GlobalSection(ExtensibilityGlobals) = postSolution
		SolutionGuid = {F4E425FA-11EE-482D-B2A5-865BA47217FB}
	EndGlobalSection
EndGlobal
